// !$*UTF8*$!
{
	archiveVersion = 1;
	classes = {
	};
	objectVersion = 46;
	objects = {

/* Begin PBXBuildFile section */
		8EFB0FE91ABE3AB700194113 /* AppDelegate.swift in Sources */ = {isa = PBXBuildFile; fileRef = 8EFB0FE81ABE3AB700194113 /* AppDelegate.swift */; };
		8EFB0FEB1ABE3AB700194113 /* ViewController.swift in Sources */ = {isa = PBXBuildFile; fileRef = 8EFB0FEA1ABE3AB700194113 /* ViewController.swift */; };
		8EFB0FEE1ABE3AB700194113 /* Main.storyboard in Resources */ = {isa = PBXBuildFile; fileRef = 8EFB0FEC1ABE3AB700194113 /* Main.storyboard */; };
		8EFB0FF01ABE3AB700194113 /* Images.xcassets in Resources */ = {isa = PBXBuildFile; fileRef = 8EFB0FEF1ABE3AB700194113 /* Images.xcassets */; };
		8EFB0FF31ABE3AB700194113 /* LaunchScreen.xib in Resources */ = {isa = PBXBuildFile; fileRef = 8EFB0FF11ABE3AB700194113 /* LaunchScreen.xib */; };
		8EFB0FFF1ABE3AB700194113 /* NotesTests.swift in Sources */ = {isa = PBXBuildFile; fileRef = 8EFB0FFE1ABE3AB700194113 /* NotesTests.swift */; };
/* End PBXBuildFile section */

/* Begin PBXContainerItemProxy section */
		8EFB0FF91ABE3AB700194113 /* PBXContainerItemProxy */ = {
			isa = PBXContainerItemProxy;
			containerPortal = 8EFB0FDB1ABE3AB700194113 /* Project object */;
			proxyType = 1;
			remoteGlobalIDString = 8EFB0FE21ABE3AB700194113;
			remoteInfo = Notes;
		};
/* End PBXContainerItemProxy section */

/* Begin PBXFileReference section */
		8EFB0FE31ABE3AB700194113 /* Notes.app */ = {isa = PBXFileReference; explicitFileType = wrapper.application; includeInIndex = 0; path = Notes.app; sourceTree = BUILT_PRODUCTS_DIR; };
		8EFB0FE71ABE3AB700194113 /* Info.plist */ = {isa = PBXFileReference; lastKnownFileType = text.plist.xml; path = Info.plist; sourceTree = "<group>"; };
		8EFB0FE81ABE3AB700194113 /* AppDelegate.swift */ = {isa = PBXFileReference; lastKnownFileType = sourcecode.swift; path = AppDelegate.swift; sourceTree = "<group>"; };
		8EFB0FEA1ABE3AB700194113 /* ViewController.swift */ = {isa = PBXFileReference; lastKnownFileType = sourcecode.swift; path = ViewController.swift; sourceTree = "<group>"; };
		8EFB0FED1ABE3AB700194113 /* Base */ = {isa = PBXFileReference; lastKnownFileType = file.storyboard; name = Base; path = Base.lproj/Main.storyboard; sourceTree = "<group>"; };
		8EFB0FEF1ABE3AB700194113 /* Images.xcassets */ = {isa = PBXFileReference; lastKnownFileType = folder.assetcatalog; path = Images.xcassets; sourceTree = "<group>"; };
		8EFB0FF21ABE3AB700194113 /* Base */ = {isa = PBXFileReference; lastKnownFileType = file.xib; name = Base; path = Base.lproj/LaunchScreen.xib; sourceTree = "<group>"; };
		8EFB0FF81ABE3AB700194113 /* NotesTests.xctest */ = {isa = PBXFileReference; explicitFileType = wrapper.cfbundle; includeInIndex = 0; path = NotesTests.xctest; sourceTree = BUILT_PRODUCTS_DIR; };
		8EFB0FFD1ABE3AB700194113 /* Info.plist */ = {isa = PBXFileReference; lastKnownFileType = text.plist.xml; path = Info.plist; sourceTree = "<group>"; };
		8EFB0FFE1ABE3AB700194113 /* NotesTests.swift */ = {isa = PBXFileReference; lastKnownFileType = sourcecode.swift; path = NotesTests.swift; sourceTree = "<group>"; };
/* End PBXFileReference section */

/* Begin PBXFrameworksBuildPhase section */
		8EFB0FE01ABE3AB700194113 /* Frameworks */ = {
			isa = PBXFrameworksBuildPhase;
			buildActionMask = 2147483647;
			files = (
			);
			runOnlyForDeploymentPostprocessing = 0;
		};
		8EFB0FF51ABE3AB700194113 /* Frameworks */ = {
			isa = PBXFrameworksBuildPhase;
			buildActionMask = 2147483647;
			files = (
			);
			runOnlyForDeploymentPostprocessing = 0;
		};
/* End PBXFrameworksBuildPhase section */

/* Begin PBXGroup section */
		8EFB0FDA1ABE3AB700194113 = {
			isa = PBXGroup;
			children = (
				8EFB0FE51ABE3AB700194113 /* Notes */,
				8EFB0FFB1ABE3AB700194113 /* NotesTests */,
				8EFB0FE41ABE3AB700194113 /* Products */,
			);
			sourceTree = "<group>";
		};
		8EFB0FE41ABE3AB700194113 /* Products */ = {
			isa = PBXGroup;
			children = (
				8EFB0FE31ABE3AB700194113 /* Notes.app */,
				8EFB0FF81ABE3AB700194113 /* NotesTests.xctest */,
			);
			name = Products;
			sourceTree = "<group>";
		};
		8EFB0FE51ABE3AB700194113 /* Notes */ = {
			isa = PBXGroup;
			children = (
				8EFB0FE81ABE3AB700194113 /* AppDelegate.swift */,
				8EFB0FEA1ABE3AB700194113 /* ViewController.swift */,
				8EFB0FEC1ABE3AB700194113 /* Main.storyboard */,
				8EFB0FEF1ABE3AB700194113 /* Images.xcassets */,
				8EFB0FF11ABE3AB700194113 /* LaunchScreen.xib */,
				8EFB0FE61ABE3AB700194113 /* Supporting Files */,
			);
			path = Notes;
			sourceTree = "<group>";
		};
		8EFB0FE61ABE3AB700194113 /* Supporting Files */ = {
			isa = PBXGroup;
			children = (
				8EFB0FE71ABE3AB700194113 /* Info.plist */,
			);
			name = "Supporting Files";
			sourceTree = "<group>";
		};
		8EFB0FFB1ABE3AB700194113 /* NotesTests */ = {
			isa = PBXGroup;
			children = (
				8EFB0FFE1ABE3AB700194113 /* NotesTests.swift */,
				8EFB0FFC1ABE3AB700194113 /* Supporting Files */,
			);
			path = NotesTests;
			sourceTree = "<group>";
		};
		8EFB0FFC1ABE3AB700194113 /* Supporting Files */ = {
			isa = PBXGroup;
			children = (
				8EFB0FFD1ABE3AB700194113 /* Info.plist */,
			);
			name = "Supporting Files";
			sourceTree = "<group>";
		};
/* End PBXGroup section */

/* Begin PBXNativeTarget section */
		8EFB0FE21ABE3AB700194113 /* Notes */ = {
			isa = PBXNativeTarget;
			buildConfigurationList = 8EFB10021ABE3AB700194113 /* Build configuration list for PBXNativeTarget "Notes" */;
			buildPhases = (
				8EFB0FDF1ABE3AB700194113 /* Sources */,
				8EFB0FE01ABE3AB700194113 /* Frameworks */,
				8EFB0FE11ABE3AB700194113 /* Resources */,
			);
			buildRules = (
			);
			dependencies = (
			);
			name = Notes;
			productName = Notes;
			productReference = 8EFB0FE31ABE3AB700194113 /* Notes.app */;
			productType = "com.apple.product-type.application";
		};
		8EFB0FF71ABE3AB700194113 /* NotesTests */ = {
			isa = PBXNativeTarget;
			buildConfigurationList = 8EFB10051ABE3AB700194113 /* Build configuration list for PBXNativeTarget "NotesTests" */;
			buildPhases = (
				8EFB0FF41ABE3AB700194113 /* Sources */,
				8EFB0FF51ABE3AB700194113 /* Frameworks */,
				8EFB0FF61ABE3AB700194113 /* Resources */,
			);
			buildRules = (
			);
			dependencies = (
				8EFB0FFA1ABE3AB700194113 /* PBXTargetDependency */,
			);
			name = NotesTests;
			productName = NotesTests;
			productReference = 8EFB0FF81ABE3AB700194113 /* NotesTests.xctest */;
			productType = "com.apple.product-type.bundle.unit-test";
		};
/* End PBXNativeTarget section */

/* Begin PBXProject section */
		8EFB0FDB1ABE3AB700194113 /* Project object */ = {
			isa = PBXProject;
			attributes = {
				LastUpgradeCheck = 0610;
				ORGANIZATIONNAME = "Brian Endo";
				TargetAttributes = {
					8EFB0FE21ABE3AB700194113 = {
						CreatedOnToolsVersion = 6.1.1;
					};
					8EFB0FF71ABE3AB700194113 = {
						CreatedOnToolsVersion = 6.1.1;
						TestTargetID = 8EFB0FE21ABE3AB700194113;
					};
				};
			};
			buildConfigurationList = 8EFB0FDE1ABE3AB700194113 /* Build configuration list for PBXProject "Notes" */;
			compatibilityVersion = "Xcode 3.2";
			developmentRegion = English;
			hasScannedForEncodings = 0;
			knownRegions = (
				en,
				Base,
			);
			mainGroup = 8EFB0FDA1ABE3AB700194113;
			productRefGroup = 8EFB0FE41ABE3AB700194113 /* Products */;
			projectDirPath = "";
			projectRoot = "";
			targets = (
				8EFB0FE21ABE3AB700194113 /* Notes */,
				8EFB0FF71ABE3AB700194113 /* NotesTests */,
			);
		};
/* End PBXProject section */

/* Begin PBXResourcesBuildPhase section */
		8EFB0FE11ABE3AB700194113 /* Resources */ = {
			isa = PBXResourcesBuildPhase;
			buildActionMask = 2147483647;
			files = (
				8EFB0FEE1ABE3AB700194113 /* Main.storyboard in Resources */,
				8EFB0FF31ABE3AB700194113 /* LaunchScreen.xib in Resources */,
				8EFB0FF01ABE3AB700194113 /* Images.xcassets in Resources */,
			);
			runOnlyForDeploymentPostprocessing = 0;
		};
		8EFB0FF61ABE3AB700194113 /* Resources */ = {
			isa = PBXResourcesBuildPhase;
			buildActionMask = 2147483647;
			files = (
			);
			runOnlyForDeploymentPostprocessing = 0;
		};
/* End PBXResourcesBuildPhase section */

/* Begin PBXSourcesBuildPhase section */
		8EFB0FDF1ABE3AB700194113 /* Sources */ = {
			isa = PBXSourcesBuildPhase;
			buildActionMask = 2147483647;
			files = (
				8EFB0FEB1ABE3AB700194113 /* ViewController.swift in Sources */,
				8EFB0FE91ABE3AB700194113 /* AppDelegate.swift in Sources */,
			);
			runOnlyForDeploymentPostprocessing = 0;
		};
		8EFB0FF41ABE3AB700194113 /* Sources */ = {
			isa = PBXSourcesBuildPhase;
			buildActionMask = 2147483647;
			files = (
				8EFB0FFF1ABE3AB700194113 /* NotesTests.swift in Sources */,
			);
			runOnlyForDeploymentPostprocessing = 0;
		};
/* End PBXSourcesBuildPhase section */

/* Begin PBXTargetDependency section */
		8EFB0FFA1ABE3AB700194113 /* PBXTargetDependency */ = {
			isa = PBXTargetDependency;
			target = 8EFB0FE21ABE3AB700194113 /* Notes */;
			targetProxy = 8EFB0FF91ABE3AB700194113 /* PBXContainerItemProxy */;
		};
/* End PBXTargetDependency section */

/* Begin PBXVariantGroup section */
		8EFB0FEC1ABE3AB700194113 /* Main.storyboard */ = {
			isa = PBXVariantGroup;
			children = (
				8EFB0FED1ABE3AB700194113 /* Base */,
			);
			name = Main.storyboard;
			sourceTree = "<group>";
		};
		8EFB0FF11ABE3AB700194113 /* LaunchScreen.xib */ = {
			isa = PBXVariantGroup;
			children = (
				8EFB0FF21ABE3AB700194113 /* Base */,
			);
			name = LaunchScreen.xib;
			sourceTree = "<group>";
		};
/* End PBXVariantGroup section */

/* Begin XCBuildConfiguration section */
		8EFB10001ABE3AB700194113 /* Debug */ = {
			isa = XCBuildConfiguration;
			buildSettings = {
				ALWAYS_SEARCH_USER_PATHS = NO;
				CLANG_CXX_LANGUAGE_STANDARD = "gnu++0x";
				CLANG_CXX_LIBRARY = "libc++";
				CLANG_ENABLE_MODULES = YES;
				CLANG_ENABLE_OBJC_ARC = YES;
				CLANG_WARN_BOOL_CONVERSION = YES;
				CLANG_WARN_CONSTANT_CONVERSION = YES;
				CLANG_WARN_DIRECT_OBJC_ISA_USAGE = YES_ERROR;
				CLANG_WARN_EMPTY_BODY = YES;
				CLANG_WARN_ENUM_CONVERSION = YES;
				CLANG_WARN_INT_CONVERSION = YES;
				CLANG_WARN_OBJC_ROOT_CLASS = YES_ERROR;
				CLANG_WARN_UNREACHABLE_CODE = YES;
				CLANG_WARN__DUPLICATE_METHOD_MATCH = YES;
				"CODE_SIGN_IDENTITY[sdk=iphoneos*]" = "iPhone Developer";
				COPY_PHASE_STRIP = NO;
				ENABLE_STRICT_OBJC_MSGSEND = YES;
				GCC_C_LANGUAGE_STANDARD = gnu99;
				GCC_DYNAMIC_NO_PIC = NO;
				GCC_OPTIMIZATION_LEVEL = 0;
				GCC_PREPROCESSOR_DEFINITIONS = (
					"DEBUG=1",
					"$(inherited)",
				);
				GCC_SYMBOLS_PRIVATE_EXTERN = NO;
				GCC_WARN_64_TO_32_BIT_CONVERSION = YES;
				GCC_WARN_ABOUT_RETURN_TYPE = YES_ERROR;
				GCC_WARN_UNDECLARED_SELECTOR = YES;
				GCC_WARN_UNINITIALIZED_AUTOS = YES_AGGRESSIVE;
				GCC_WARN_UNUSED_FUNCTION = YES;
				GCC_WARN_UNUSED_VARIABLE = YES;
				IPHONEOS_DEPLOYMENT_TARGET = 8.1;
				MTL_ENABLE_DEBUG_INFO = YES;
				ONLY_ACTIVE_ARCH = YES;
				SDKROOT = iphoneos;
				SWIFT_OPTIMIZATION_LEVEL = "-Onone";
			};
			name = Debug;
		};
		8EFB10011ABE3AB700194113 /* Release */ = {
			isa = XCBuildConfiguration;
			buildSettings = {
				ALWAYS_SEARCH_USER_PATHS = NO;
				CLANG_CXX_LANGUAGE_STANDARD = "gnu++0x";
				CLANG_CXX_LIBRARY = "libc++";
				CLANG_ENABLE_MODULES = YES;
				CLANG_ENABLE_OBJC_ARC = YES;
				CLANG_WARN_BOOL_CONVERSION = YES;
				CLANG_WARN_CONSTANT_CONVERSION = YES;
				CLANG_WARN_DIRECT_OBJC_ISA_USAGE = YES_ERROR;
				CLANG_WARN_EMPTY_BODY = YES;
				CLANG_WARN_ENUM_CONVERSION = YES;
				CLANG_WARN_INT_CONVERSION = YES;
				CLANG_WARN_OBJC_ROOT_CLASS = YES_ERROR;
				CLANG_WARN_UNREACHABLE_CODE = YES;
				CLANG_WARN__DUPLICATE_METHOD_MATCH = YES;
				"CODE_SIGN_IDENTITY[sdk=iphoneos*]" = "iPhone Developer";
				COPY_PHASE_STRIP = YES;
				ENABLE_NS_ASSERTIONS = NO;
				ENABLE_STRICT_OBJC_MSGSEND = YES;
				GCC_C_LANGUAGE_STANDARD = gnu99;
				GCC_WARN_64_TO_32_BIT_CONVERSION = YES;
				GCC_WARN_ABOUT_RETURN_TYPE = YES_ERROR;
				GCC_WARN_UNDECLARED_SELECTOR = YES;
				GCC_WARN_UNINITIALIZED_AUTOS = YES_AGGRESSIVE;
				GCC_WARN_UNUSED_FUNCTION = YES;
				GCC_WARN_UNUSED_VARIABLE = YES;
				IPHONEOS_DEPLOYMENT_TARGET = 8.1;
				MTL_ENABLE_DEBUG_INFO = NO;
				SDKROOT = iphoneos;
				VALIDATE_PRODUCT = YES;
			};
			name = Release;
		};
		8EFB10031ABE3AB700194113 /* Debug */ = {
			isa = XCBuildConfiguration;
			buildSettings = {
				ASSETCATALOG_COMPILER_APPICON_NAME = AppIcon;
				INFOPLIST_FILE = Notes/Info.plist;
				LD_RUNPATH_SEARCH_PATHS = "$(inherited) @executable_path/Frameworks";
				PRODUCT_NAME = "$(TARGET_NAME)";
			};
			name = Debug;
		};
		8EFB10041ABE3AB700194113 /* Release */ = {
			isa = XCBuildConfiguration;
			buildSettings = {
				ASSETCATALOG_COMPILER_APPICON_NAME = AppIcon;
				INFOPLIST_FILE = Notes/Info.plist;
				LD_RUNPATH_SEARCH_PATHS = "$(inherited) @executable_path/Frameworks";
				PRODUCT_NAME = "$(TARGET_NAME)";
			};
			name = Release;
		};
		8EFB10061ABE3AB700194113 /* Debug */ = {
			isa = XCBuildConfiguration;
			buildSettings = {
				BUNDLE_LOADER = "$(TEST_HOST)";
				FRAMEWORK_SEARCH_PATHS = (
					"$(SDKROOT)/Developer/Library/Frameworks",
					"$(inherited)",
				);
				GCC_PREPROCESSOR_DEFINITIONS = (
					"DEBUG=1",
					"$(inherited)",
				);
				INFOPLIST_FILE = NotesTests/Info.plist;
				LD_RUNPATH_SEARCH_PATHS = "$(inherited) @executable_path/Frameworks @loader_path/Frameworks";
				PRODUCT_NAME = "$(TARGET_NAME)";
				TEST_HOST = "$(BUILT_PRODUCTS_DIR)/Notes.app/Notes";
			};
			name = Debug;
		};
		8EFB10071ABE3AB700194113 /* Release */ = {
			isa = XCBuildConfiguration;
			buildSettings = {
				BUNDLE_LOADER = "$(TEST_HOST)";
				FRAMEWORK_SEARCH_PATHS = (
					"$(SDKROOT)/Developer/Library/Frameworks",
					"$(inherited)",
				);
				INFOPLIST_FILE = NotesTests/Info.plist;
				LD_RUNPATH_SEARCH_PATHS = "$(inherited) @executable_path/Frameworks @loader_path/Frameworks";
				PRODUCT_NAME = "$(TARGET_NAME)";
				TEST_HOST = "$(BUILT_PRODUCTS_DIR)/Notes.app/Notes";
			};
			name = Release;
		};
/* End XCBuildConfiguration section */

/* Begin XCConfigurationList section */
		8EFB0FDE1ABE3AB700194113 /* Build configuration list for PBXProject "Notes" */ = {
			isa = XCConfigurationList;
			buildConfigurations = (
				8EFB10001ABE3AB700194113 /* Debug */,
				8EFB10011ABE3AB700194113 /* Release */,
			);
			defaultConfigurationIsVisible = 0;
			defaultConfigurationName = Release;
		};
		8EFB10021ABE3AB700194113 /* Build configuration list for PBXNativeTarget "Notes" */ = {
			isa = XCConfigurationList;
			buildConfigurations = (
				8EFB10031ABE3AB700194113 /* Debug */,
				8EFB10041ABE3AB700194113 /* Release */,
			);
			defaultConfigurationIsVisible = 0;
		};
		8EFB10051ABE3AB700194113 /* Build configuration list for PBXNativeTarget "NotesTests" */ = {
			isa = XCConfigurationList;
			buildConfigurations = (
				8EFB10061ABE3AB700194113 /* Debug */,
				8EFB10071ABE3AB700194113 /* Release */,
			);
			defaultConfigurationIsVisible = 0;
		};
/* End XCConfigurationList section */
	};
	rootObject = 8EFB0FDB1ABE3AB700194113 /* Project object */;
}
